
Microsoft Visual Studio Solution File, Format Version 12.00
# Visual Studio 15
VisualStudioVersion = 15.0.28010.2048
MinimumVisualStudioVersion = 10.0.40219.1
Project("{9A19103F-16F7-4668-BE54-9A1E7A4F7556}") = "BoardGames", "BoardGames.API\BoardGames.csproj", "{304EC68F-ADE3-42AF-B5C0-410A5D37A122}"
EndProject
Project("{9A19103F-16F7-4668-BE54-9A1E7A4F7556}") = "BoardGames.DataAccess", "BoardGames.DataAccess\BoardGames.DataAccess.csproj", "{C4F1181D-322F-4B86-B73E-30018BB01310}"
EndProject
Project("{9A19103F-16F7-4668-BE54-9A1E7A4F7556}") = "BoardGames.DomainLogic", "BoardGames.DomainLogic\BoardGames.DomainLogic.csproj", "{BD7A45EA-CE33-433F-BAC5-CB10855AB10E}"
EndProject
Global
	GlobalSection(SolutionConfigurationPlatforms) = preSolution
		Debug|Any CPU = Debug|Any CPU
		Release|Any CPU = Release|Any CPU
	EndGlobalSection
	GlobalSection(ProjectConfigurationPlatforms) = postSolution
		{304EC68F-ADE3-42AF-B5C0-410A5D37A122}.Debug|Any CPU.ActiveCfg = Debug|Any CPU
		{304EC68F-ADE3-42AF-B5C0-410A5D37A122}.Debug|Any CPU.Build.0 = Debug|Any CPU
		{304EC68F-ADE3-42AF-B5C0-410A5D37A122}.Release|Any CPU.ActiveCfg = Release|Any CPU
		{304EC68F-ADE3-42AF-B5C0-410A5D37A122}.Release|Any CPU.Build.0 = Release|Any CPU
		{C4F1181D-322F-4B86-B73E-30018BB01310}.Debug|Any CPU.ActiveCfg = Debug|Any CPU
		{C4F1181D-322F-4B86-B73E-30018BB01310}.Debug|Any CPU.Build.0 = Debug|Any CPU
		{C4F1181D-322F-4B86-B73E-30018BB01310}.Release|Any CPU.ActiveCfg = Release|Any CPU
		{C4F1181D-322F-4B86-B73E-30018BB01310}.Release|Any CPU.Build.0 = Release|Any CPU
		{BD7A45EA-CE33-433F-BAC5-CB10855AB10E}.Debug|Any CPU.ActiveCfg = Debug|Any CPU
		{BD7A45EA-CE33-433F-BAC5-CB10855AB10E}.Debug|Any CPU.Build.0 = Debug|Any CPU
		{BD7A45EA-CE33-433F-BAC5-CB10855AB10E}.Release|Any CPU.ActiveCfg = Release|Any CPU
		{BD7A45EA-CE33-433F-BAC5-CB10855AB10E}.Release|Any CPU.Build.0 = Release|Any CPU
	EndGlobalSection
	GlobalSection(SolutionProperties) = preSolution
		HideSolutionNode = FALSE
	EndGlobalSection
	GlobalSection(ExtensibilityGlobals) = postSolution
		SolutionGuid = {34B6692B-AE04-47D2-A8A2-1E67B38E86D1}
	EndGlobalSection
EndGlobal
